
Microsoft Visual Studio Solution File, Format Version 12.00
# Visual Studio Version 16
VisualStudioVersion = 16.0.31129.286
MinimumVisualStudioVersion = 10.0.40219.1
Project("{FAE04EC0-301F-11D3-BF4B-00C04F79EFBC}") = "WebApplication4", "WebApplication4.csproj", "{92724712-5C49-4FCC-808C-01F263F07D83}"
EndProject
Project("{00D1A9C2-B5F0-4AF3-8072-F6C62B433612}") = "Database1", "Database1\Database1.sqlproj", "{632BF422-2F92-4A3D-981C-07F39A452F93}"
EndProject
Project("{FAE04EC0-301F-11D3-BF4B-00C04F79EFBC}") = "WpfAppDesktopUI", "..\WpfAppDesktopUI\WpfAppDesktopUI.csproj", "{D32D29D9-1B86-4F2B-882B-8DC321EAED53}"
EndProject
Project("{9A19103F-16F7-4668-BE54-9A1E7A4F7556}") = "DataManager.Library", "..\DataManager.Library\DataManager.Library.csproj", "{BE6B0388-9526-43B0-8EE8-6F0E3167DB56}"
EndProject
Project("{9A19103F-16F7-4668-BE54-9A1E7A4F7556}") = "WpfAppDesktopUI.Library", "..\WpfAppDesktopUI.Library\WpfAppDesktopUI.Library.csproj", "{5276FA1A-F873-4E21-9D9E-453913C80CDA}"
EndProject
Project("{2150E333-8FDC-42A3-9474-1A3956D46DE8}") = "Database", "Database", "{1902CA5D-1130-4391-9FA9-A76509626FDF}"
EndProject
Project("{2150E333-8FDC-42A3-9474-1A3956D46DE8}") = "API", "API", "{5B9B8054-9709-46DD-8141-6BDE9CE3465B}"
EndProject
Project("{2150E333-8FDC-42A3-9474-1A3956D46DE8}") = "WPF", "WPF", "{18882831-400B-46B5-A46A-8A6B52925627}"
EndProject
Project("{FAE04EC0-301F-11D3-BF4B-00C04F79EFBC}") = "DataManagerApi", "..\DataManagerApi\DataManagerApi.csproj", "{87F8CDCA-0C21-428D-BDF8-3218558AF44E}"
EndProject
Global
	GlobalSection(SolutionConfigurationPlatforms) = preSolution
		Debug|Any CPU = Debug|Any CPU
		Release|Any CPU = Release|Any CPU
	EndGlobalSection
	GlobalSection(ProjectConfigurationPlatforms) = postSolution
		{92724712-5C49-4FCC-808C-01F263F07D83}.Debug|Any CPU.ActiveCfg = Debug|Any CPU
		{92724712-5C49-4FCC-808C-01F263F07D83}.Debug|Any CPU.Build.0 = Debug|Any CPU
		{92724712-5C49-4FCC-808C-01F263F07D83}.Release|Any CPU.ActiveCfg = Release|Any CPU
		{92724712-5C49-4FCC-808C-01F263F07D83}.Release|Any CPU.Build.0 = Release|Any CPU
		{632BF422-2F92-4A3D-981C-07F39A452F93}.Debug|Any CPU.ActiveCfg = Debug|Any CPU
		{632BF422-2F92-4A3D-981C-07F39A452F93}.Debug|Any CPU.Build.0 = Debug|Any CPU
		{632BF422-2F92-4A3D-981C-07F39A452F93}.Debug|Any CPU.Deploy.0 = Debug|Any CPU
		{632BF422-2F92-4A3D-981C-07F39A452F93}.Release|Any CPU.ActiveCfg = Release|Any CPU
		{632BF422-2F92-4A3D-981C-07F39A452F93}.Release|Any CPU.Build.0 = Release|Any CPU
		{632BF422-2F92-4A3D-981C-07F39A452F93}.Release|Any CPU.Deploy.0 = Release|Any CPU
		{D32D29D9-1B86-4F2B-882B-8DC321EAED53}.Debug|Any CPU.ActiveCfg = Debug|Any CPU
		{D32D29D9-1B86-4F2B-882B-8DC321EAED53}.Debug|Any CPU.Build.0 = Debug|Any CPU
		{D32D29D9-1B86-4F2B-882B-8DC321EAED53}.Release|Any CPU.ActiveCfg = Release|Any CPU
		{D32D29D9-1B86-4F2B-882B-8DC321EAED53}.Release|Any CPU.Build.0 = Release|Any CPU
		{BE6B0388-9526-43B0-8EE8-6F0E3167DB56}.Debug|Any CPU.ActiveCfg = Debug|Any CPU
		{BE6B0388-9526-43B0-8EE8-6F0E3167DB56}.Debug|Any CPU.Build.0 = Debug|Any CPU
		{BE6B0388-9526-43B0-8EE8-6F0E3167DB56}.Release|Any CPU.ActiveCfg = Release|Any CPU
		{BE6B0388-9526-43B0-8EE8-6F0E3167DB56}.Release|Any CPU.Build.0 = Release|Any CPU
		{5276FA1A-F873-4E21-9D9E-453913C80CDA}.Debug|Any CPU.ActiveCfg = Debug|Any CPU
		{5276FA1A-F873-4E21-9D9E-453913C80CDA}.Debug|Any CPU.Build.0 = Debug|Any CPU
		{5276FA1A-F873-4E21-9D9E-453913C80CDA}.Release|Any CPU.ActiveCfg = Release|Any CPU
		{5276FA1A-F873-4E21-9D9E-453913C80CDA}.Release|Any CPU.Build.0 = Release|Any CPU
		{87F8CDCA-0C21-428D-BDF8-3218558AF44E}.Debug|Any CPU.ActiveCfg = Debug|Any CPU
		{87F8CDCA-0C21-428D-BDF8-3218558AF44E}.Debug|Any CPU.Build.0 = Debug|Any CPU
		{87F8CDCA-0C21-428D-BDF8-3218558AF44E}.Release|Any CPU.ActiveCfg = Release|Any CPU
		{87F8CDCA-0C21-428D-BDF8-3218558AF44E}.Release|Any CPU.Build.0 = Release|Any CPU
	EndGlobalSection
	GlobalSection(SolutionProperties) = preSolution
		HideSolutionNode = FALSE
	EndGlobalSection
	GlobalSection(NestedProjects) = preSolution
		{92724712-5C49-4FCC-808C-01F263F07D83} = {5B9B8054-9709-46DD-8141-6BDE9CE3465B}
		{632BF422-2F92-4A3D-981C-07F39A452F93} = {1902CA5D-1130-4391-9FA9-A76509626FDF}
		{D32D29D9-1B86-4F2B-882B-8DC321EAED53} = {18882831-400B-46B5-A46A-8A6B52925627}
		{BE6B0388-9526-43B0-8EE8-6F0E3167DB56} = {5B9B8054-9709-46DD-8141-6BDE9CE3465B}
		{5276FA1A-F873-4E21-9D9E-453913C80CDA} = {18882831-400B-46B5-A46A-8A6B52925627}
		{87F8CDCA-0C21-428D-BDF8-3218558AF44E} = {5B9B8054-9709-46DD-8141-6BDE9CE3465B}
	EndGlobalSection
	GlobalSection(ExtensibilityGlobals) = postSolution
		SolutionGuid = {F3C3903D-ED43-4091-B260-8B4F7AD3DA30}
	EndGlobalSection
EndGlobal
